<?xml version="1.0" encoding="utf-8"?>
<Project ToolsVersion="4.0" xmlns="http://schemas.microsoft.com/developer/msbuild/2003">
  <ItemGroup>
    <ClCompile Include="TestUtilities\test_utilities.cpp">
      <Filter>TestUtilities</Filter>
    </ClCompile>
    <ClCompile Include="TestNN\helpers.cpp">
      <Filter>TestNN</Filter>
    </ClCompile>
    <ClCompile Include="TestNN\test_nn.cpp">
      <Filter>TestNN</Filter>
    </ClCompile>
    <ClCompile Include="TestNN\test_nn_tests.cpp">
      <Filter>TestNN</Filter>
    </ClCompile>
    <ClCompile Include="test_nn_param_database_data.cpp">
      <Filter>TestNN</Filter>
    </ClCompile>
    <ClCompile Include="test_nn_param_database.cpp">
      <Filter>TestNN</Filter>
    </ClCompile>
  </ItemGroup>
  <ItemGroup>
    <ClInclude Include="TestNN\helpers.hpp">
      <Filter>TestNN</Filter>
    </ClInclude>
    <ClInclude Include="helpers.hpp" />
    <ClInclude Include="TestNN\test_nn.hpp">
      <Filter>TestNN</Filter>
    </ClInclude>
    <ClInclude Include="TestNN\test_nn_instantiations.hpp">
      <Filter>TestNN</Filter>
    </ClInclude>
    <ClInclude Include="test_nn_param_database.hpp">
      <Filter>TestNN</Filter>
    </ClInclude>
  </ItemGroup>
  <ItemGroup>
    <Filter Include="TestNN">
      <UniqueIdentifier>{54675000-6a5f-4f35-be84-5f7e7e9f931e}</UniqueIdentifier>
    </Filter>
    <Filter Include="TestUtilities">
      <UniqueIdentifier>{a2627649-f667-4a64-851e-748c3d514856}</UniqueIdentifier>
    </Filter>
  </ItemGroup>
  <ItemGroup>
    <None Include="packages.config" />
  </ItemGroup>
</Project>