<?xml version="1.0" encoding="utf-8"?>
<Project ToolsVersion="4.0" xmlns="http://schemas.microsoft.com/developer/msbuild/2003">
  <ItemGroup>
    <ClCompile Include="TestNN\helpers.cpp">
      <Filter>TestNN</Filter>
    </ClCompile>
    <ClCompile Include="TestNN\test_nn.cpp">
      <Filter>TestNN</Filter>
    </ClCompile>
    <ClCompile Include="TestNN\test_nn_tests.cpp">
      <Filter>TestNN</Filter>
    </ClCompile>
    <ClCompile Include="TestNN\test_nn_param_database_data.cpp">
      <Filter>TestNN</Filter>
    </ClCompile>
    <ClCompile Include="test_core_utility.cpp">
      <Filter>TestCore</Filter>
    </ClCompile>
    <ClCompile Include="ParamDB.cpp">
      <Filter>TestCommon</Filter>
    </ClCompile>
  </ItemGroup>
  <ItemGroup>
    <ClInclude Include="TestNN\helpers.hpp">
      <Filter>TestNN</Filter>
    </ClInclude>
    <ClInclude Include="helpers.hpp" />
    <ClInclude Include="TestNN\test_nn.hpp">
      <Filter>TestNN</Filter>
    </ClInclude>
    <ClInclude Include="TestNN\test_nn_instantiations.hpp">
      <Filter>TestNN</Filter>
    </ClInclude>
    <ClInclude Include="ParamDB.hpp">
      <Filter>TestCommon</Filter>
    </ClInclude>
  </ItemGroup>
  <ItemGroup>
    <Filter Include="TestNN">
      <UniqueIdentifier>{54675000-6a5f-4f35-be84-5f7e7e9f931e}</UniqueIdentifier>
    </Filter>
    <Filter Include="TestCore">
      <UniqueIdentifier>{cb579b64-5ed8-4a8d-a2d6-c32115936de8}</UniqueIdentifier>
    </Filter>
    <Filter Include="TestCommon">
      <UniqueIdentifier>{6c58a102-2d28-4a20-9738-def97ace0334}</UniqueIdentifier>
    </Filter>
  </ItemGroup>
  <ItemGroup>
    <None Include="packages.config" />
  </ItemGroup>
</Project>